<?xml version="1.0" encoding="utf-8"?>
<Project ToolsVersion="4.0" xmlns="http://schemas.microsoft.com/developer/msbuild/2003">
  <ItemGroup>
    <Filter Include="Source Files">
      <UniqueIdentifier>{445f6882-f9f1-40fa-8d1c-def0f8f168a0}</UniqueIdentifier>
      <Extensions>cpp;c;cxx;rc;def;r;odl;idl;hpj;bat</Extensions>
    </Filter>
    <Filter Include="Header Files">
      <UniqueIdentifier>{5fb311e4-75fe-41b0-8028-669ffa7fd299}</UniqueIdentifier>
      <Extensions>h;hpp;hxx;hm;inl</Extensions>
    </Filter>
    <Filter Include="Resource Files">
      <UniqueIdentifier>{1c6b48db-5fa6-4b93-855a-3982d15d0ca2}</UniqueIdentifier>
      <Extensions>ico;cur;bmp;dlg;rc2;rct;bin;rgs;gif;jpg;jpeg;jpe</Extensions>
    </Filter>
  </ItemGroup>
  <ItemGroup>
    <ClCompile Include="address.c">
      <Filter>Source Files</Filter>
    </ClCompile>
    <ClCompile Include="build_support.c">
      <Filter>Source Files</Filter>
    </ClCompile>
    <ClCompile Include="date.c">
      <Filter>Source Files</Filter>
    </ClCompile>
    <ClCompile Include="decimal.c">
      <Filter>Source Files</Filter>
    </ClCompile>
    <ClCompile Include="dist.c">
      <Filter>Source Files</Filter>
    </ClCompile>
    <ClCompile Include="error_msg.c">
      <Filter>Source Files</Filter>
    </ClCompile>
    <ClCompile Include="eval.c">
      <Filter>Source Files</Filter>
    </ClCompile>
    <ClCompile Include="expr.c">
      <Filter>Source Files</Filter>
    </ClCompile>
    <ClCompile Include="genrand.c">
      <Filter>Source Files</Filter>
    </ClCompile>
    <ClCompile Include="grammar_support.c">
      <Filter>Source Files</Filter>
    </ClCompile>
    <ClCompile Include="keywords.c">
      <Filter>Source Files</Filter>
    </ClCompile>
    <ClCompile Include="list.c">
      <Filter>Source Files</Filter>
    </ClCompile>
    <ClCompile Include="nulls.c">
      <Filter>Source Files</Filter>
    </ClCompile>
    <ClCompile Include="parallel.c">
      <Filter>Source Files</Filter>
    </ClCompile>
    <ClCompile Include="print.c">
      <Filter>Source Files</Filter>
    </ClCompile>
    <ClCompile Include="QgenMain.c">
      <Filter>Source Files</Filter>
    </ClCompile>
    <ClCompile Include="query_handler.c">
      <Filter>Source Files</Filter>
    </ClCompile>
    <ClCompile Include="r_params.c">
      <Filter>Source Files</Filter>
    </ClCompile>
    <ClCompile Include="release.c">
      <Filter>Source Files</Filter>
    </ClCompile>
    <ClCompile Include="scaling.c">
      <Filter>Source Files</Filter>
    </ClCompile>
    <ClCompile Include="scd.c">
      <Filter>Source Files</Filter>
    </ClCompile>
    <ClCompile Include="StringBuffer.c">
      <Filter>Source Files</Filter>
    </ClCompile>
    <ClCompile Include="substitution.c">
      <Filter>Source Files</Filter>
    </ClCompile>
    <ClCompile Include="tdefs.c">
      <Filter>Source Files</Filter>
    </ClCompile>
    <ClCompile Include="text.c">
      <Filter>Source Files</Filter>
    </ClCompile>
    <ClCompile Include="tokenizer.c">
      <Filter>Source Files</Filter>
    </ClCompile>
    <ClCompile Include="w_inventory.c">
      <Filter>Source Files</Filter>
    </ClCompile>
    <ClCompile Include="y.tab.c">
      <Filter>Source Files</Filter>
    </ClCompile>
    <ClCompile Include="permute.c">
      <Filter>Source Files</Filter>
    </ClCompile>
    <ClCompile Include="utility.c">
      <Filter>Source Files</Filter>
    </ClCompile>
  </ItemGroup>
  <ItemGroup>
    <ClInclude Include="address.h">
      <Filter>Header Files</Filter>
    </ClInclude>
    <ClInclude Include="build_support.h">
      <Filter>Header Files</Filter>
    </ClInclude>
    <ClInclude Include="columns.h">
      <Filter>Header Files</Filter>
    </ClInclude>
    <ClInclude Include="config.h">
      <Filter>Header Files</Filter>
    </ClInclude>
    <ClInclude Include="constants.h">
      <Filter>Header Files</Filter>
    </ClInclude>
    <ClInclude Include="date.h">
      <Filter>Header Files</Filter>
    </ClInclude>
    <ClInclude Include="dcomp.h">
      <Filter>Header Files</Filter>
    </ClInclude>
    <ClInclude Include="decimal.h">
      <Filter>Header Files</Filter>
    </ClInclude>
    <ClInclude Include="dist.h">
      <Filter>Header Files</Filter>
    </ClInclude>
    <ClInclude Include="driver.h">
      <Filter>Header Files</Filter>
    </ClInclude>
    <ClInclude Include="error_msg.h">
      <Filter>Header Files</Filter>
    </ClInclude>
    <ClInclude Include="eval.h">
      <Filter>Header Files</Filter>
    </ClInclude>
    <ClInclude Include="expr.h">
      <Filter>Header Files</Filter>
    </ClInclude>
    <ClInclude Include="genrand.h">
      <Filter>Header Files</Filter>
    </ClInclude>
    <ClInclude Include="grammar.h">
      <Filter>Header Files</Filter>
    </ClInclude>
    <ClInclude Include="grammar_support.h">
      <Filter>Header Files</Filter>
    </ClInclude>
    <ClInclude Include="keywords.h">
      <Filter>Header Files</Filter>
    </ClInclude>
    <ClInclude Include="list.h">
      <Filter>Header Files</Filter>
    </ClInclude>
    <ClInclude Include="mathops.h">
      <Filter>Header Files</Filter>
    </ClInclude>
    <ClInclude Include="misc.h">
      <Filter>Header Files</Filter>
    </ClInclude>
    <ClInclude Include="nulls.h">
      <Filter>Header Files</Filter>
    </ClInclude>
    <ClInclude Include="parallel.h">
      <Filter>Header Files</Filter>
    </ClInclude>
    <ClInclude Include="params.h">
      <Filter>Header Files</Filter>
    </ClInclude>
    <ClInclude Include="porting.h">
      <Filter>Header Files</Filter>
    </ClInclude>
    <ClInclude Include="pricing.h">
      <Filter>Header Files</Filter>
    </ClInclude>
    <ClInclude Include="print.h">
      <Filter>Header Files</Filter>
    </ClInclude>
    <ClInclude Include="qgen_params.h">
      <Filter>Header Files</Filter>
    </ClInclude>
    <ClInclude Include="query_handler.h">
      <Filter>Header Files</Filter>
    </ClInclude>
    <ClInclude Include="r_params.h">
      <Filter>Header Files</Filter>
    </ClInclude>
    <ClInclude Include="release.h">
      <Filter>Header Files</Filter>
    </ClInclude>
    <ClInclude Include="s_tdefs.h">
      <Filter>Header Files</Filter>
    </ClInclude>
    <ClInclude Include="scaling.h">
      <Filter>Header Files</Filter>
    </ClInclude>
    <ClInclude Include="scd.h">
      <Filter>Header Files</Filter>
    </ClInclude>
    <ClInclude Include="streams.h">
      <Filter>Header Files</Filter>
    </ClInclude>
    <ClInclude Include="StringBuffer.h">
      <Filter>Header Files</Filter>
    </ClInclude>
    <ClInclude Include="substitution.h">
      <Filter>Header Files</Filter>
    </ClInclude>
    <ClInclude Include="tables.h">
      <Filter>Header Files</Filter>
    </ClInclude>
    <ClInclude Include="tdef_functions.h">
      <Filter>Header Files</Filter>
    </ClInclude>
    <ClInclude Include="tdefs.h">
      <Filter>Header Files</Filter>
    </ClInclude>
    <ClInclude Include="tpcds.idx.h">
      <Filter>Header Files</Filter>
    </ClInclude>
    <ClInclude Include="w_inventory.h">
      <Filter>Header Files</Filter>
    </ClInclude>
    <ClInclude Include="w_tdefs.h">
      <Filter>Header Files</Filter>
    </ClInclude>
    <ClInclude Include="y.tab.h">
      <Filter>Header Files</Filter>
    </ClInclude>
    <ClInclude Include="permute.h">
      <Filter>Header Files</Filter>
    </ClInclude>
    <ClInclude Include="utility.h">
      <Filter>Header Files</Filter>
    </ClInclude>
  </ItemGroup>
  <ItemGroup>
    <Text Include="query_list.txt" />
    <Text Include="query_sample_1.txt" />
    <Text Include="query_sample_2.txt" />
  </ItemGroup>
  <ItemGroup>
    <CustomBuild Include="calendar.dst" />
    <CustomBuild Include="cities.dst" />
    <CustomBuild Include="column_list.txt" />
    <CustomBuild Include="english.dst" />
    <CustomBuild Include="fips.dst" />
    <CustomBuild Include="items.dst" />
    <CustomBuild Include="names.dst" />
    <CustomBuild Include="streets.dst" />
    <CustomBuild Include="tpcds.dst" />
  </ItemGroup>
</Project>